
Microsoft Visual Studio Solution File, Format Version 12.00
# Visual Studio Version 17
VisualStudioVersion = 17.7.34031.279
MinimumVisualStudioVersion = 10.0.40219.1
Project("{9A19103F-16F7-4668-BE54-9A1E7A4F7556}") = "Construtor", "Construtor\Construtor.csproj", "{49E38009-F0E9-4925-97D2-77D02860FF61}"
EndProject
Project("{9A19103F-16F7-4668-BE54-9A1E7A4F7556}") = "DoisConstrutores", "DoisConstrutores\DoisConstrutores.csproj", "{0179F214-AD49-47C0-B0A7-E056947A9C53}"
EndProject
Project("{9A19103F-16F7-4668-BE54-9A1E7A4F7556}") = "InstanciaDosObjetos", "InstanciaDosObjetos\InstanciaDosObjetos.csproj", "{C94069A5-8664-4625-A8D2-783B616159E4}"
EndProject
Project("{9A19103F-16F7-4668-BE54-9A1E7A4F7556}") = "Metodos", "Metodos\Metodos.csproj", "{C1596B39-DA73-4239-A597-DD8FDFD47C6E}"
EndProject
Project("{9A19103F-16F7-4668-BE54-9A1E7A4F7556}") = "This", "This\This.csproj", "{F19ED076-A375-44A0-9F76-4C63E6A3CE3E}"
EndProject
Project("{9A19103F-16F7-4668-BE54-9A1E7A4F7556}") = "MetodoRetorno", "MetodoRetorno\MetodoRetorno.csproj", "{18AE9F2F-7B84-43F2-863A-24F181B80DD1}"
EndProject
Project("{9A19103F-16F7-4668-BE54-9A1E7A4F7556}") = "SobreCargaMetodos", "SobreCargaMetodos\SobreCargaMetodos.csproj", "{6029F577-EAFF-4359-98E7-85F543E125CD}"
EndProject
Project("{9A19103F-16F7-4668-BE54-9A1E7A4F7556}") = "MetodosRetorno2", "MetodosRetorno2\MetodosRetorno2.csproj", "{2BD449FD-A243-4993-8972-8A2E25E86B23}"
EndProject
Project("{9A19103F-16F7-4668-BE54-9A1E7A4F7556}") = "PassagemArgumento", "PassagemArgumento\PassagemArgumento.csproj", "{8807F8FD-92D5-446E-BE11-17F16C8E9D44}"
EndProject
Project("{9A19103F-16F7-4668-BE54-9A1E7A4F7556}") = "ArgumentosReferencia", "ArgumentosReferencia\ArgumentosReferencia.csproj", "{381A1E5B-7A18-452F-8C52-62449D98B738}"
EndProject
Project("{9A19103F-16F7-4668-BE54-9A1E7A4F7556}") = "ArgumentosNomeados", "ArgumentosNomeados\ArgumentosNomeados.csproj", "{4EF23EB5-DD44-4457-A3D0-DE1208EC4194}"
EndProject
Project("{9A19103F-16F7-4668-BE54-9A1E7A4F7556}") = "ParametrosOpcionais", "ParametrosOpcionais\ParametrosOpcionais.csproj", "{A137D996-C90F-4C62-9A67-762FF06AB613}"
EndProject
Project("{9A19103F-16F7-4668-BE54-9A1E7A4F7556}") = "MetodosEstaticos", "MetodosEstaticos\MetodosEstaticos.csproj", "{DE718159-0A50-4A26-880B-9301E17334EA}"
EndProject
Project("{9A19103F-16F7-4668-BE54-9A1E7A4F7556}") = "MembrosEstaticos_CampoPropriedade", "MembrosEstaticos_CampoPropriedade\MembrosEstaticos_CampoPropriedade.csproj", "{4E2E92F0-AA30-4135-9FA2-945282961DA9}"
EndProject
Project("{9A19103F-16F7-4668-BE54-9A1E7A4F7556}") = "ConstrutorEstatico", "ConstrutorEstatico\ConstrutorEstatico.csproj", "{36925DA0-EA91-4D08-A518-432F3D97681E}"
EndProject
Project("{9A19103F-16F7-4668-BE54-9A1E7A4F7556}") = "Propriedades", "Propriedades\Propriedades.csproj", "{8F992E09-FE50-4A30-8D12-88058AA64AC5}"
EndProject
Project("{9A19103F-16F7-4668-BE54-9A1E7A4F7556}") = "Struct", "Struct\Struct.csproj", "{5D60263E-2BD2-4285-96DA-84D7C4B81D3D}"
EndProject
Project("{9A19103F-16F7-4668-BE54-9A1E7A4F7556}") = "Enum", "Enum\Enum.csproj", "{6F790ABA-ADF0-46F3-8072-130C9E378B15}"
EndProject
Project("{9A19103F-16F7-4668-BE54-9A1E7A4F7556}") = "TryCath", "TryCath\TryCath.csproj", "{4BB98E66-A61D-4ED8-8E70-D1693A8FB107}"
EndProject
Project("{9A19103F-16F7-4668-BE54-9A1E7A4F7556}") = "TiposAnonimos", "TiposAnonimos\TiposAnonimos.csproj", "{5085E2D0-35B6-494F-B607-3463E50309C8}"
EndProject
Project("{FAE04EC0-301F-11D3-BF4B-00C04F79EFBC}") = "MinhaPartialClass", "MinhaPartialClassProps\MinhaPartialClass.csproj", "{270C9ADD-2115-460F-B4D7-1CE6443E9CC4}"
EndProject
Global
	GlobalSection(SolutionConfigurationPlatforms) = preSolution
		Debug|Any CPU = Debug|Any CPU
		Release|Any CPU = Release|Any CPU
	EndGlobalSection
	GlobalSection(ProjectConfigurationPlatforms) = postSolution
		{49E38009-F0E9-4925-97D2-77D02860FF61}.Debug|Any CPU.ActiveCfg = Debug|Any CPU
		{49E38009-F0E9-4925-97D2-77D02860FF61}.Debug|Any CPU.Build.0 = Debug|Any CPU
		{49E38009-F0E9-4925-97D2-77D02860FF61}.Release|Any CPU.ActiveCfg = Release|Any CPU
		{49E38009-F0E9-4925-97D2-77D02860FF61}.Release|Any CPU.Build.0 = Release|Any CPU
		{0179F214-AD49-47C0-B0A7-E056947A9C53}.Debug|Any CPU.ActiveCfg = Debug|Any CPU
		{0179F214-AD49-47C0-B0A7-E056947A9C53}.Debug|Any CPU.Build.0 = Debug|Any CPU
		{0179F214-AD49-47C0-B0A7-E056947A9C53}.Release|Any CPU.ActiveCfg = Release|Any CPU
		{0179F214-AD49-47C0-B0A7-E056947A9C53}.Release|Any CPU.Build.0 = Release|Any CPU
		{C94069A5-8664-4625-A8D2-783B616159E4}.Debug|Any CPU.ActiveCfg = Debug|Any CPU
		{C94069A5-8664-4625-A8D2-783B616159E4}.Debug|Any CPU.Build.0 = Debug|Any CPU
		{C94069A5-8664-4625-A8D2-783B616159E4}.Release|Any CPU.ActiveCfg = Release|Any CPU
		{C94069A5-8664-4625-A8D2-783B616159E4}.Release|Any CPU.Build.0 = Release|Any CPU
		{C1596B39-DA73-4239-A597-DD8FDFD47C6E}.Debug|Any CPU.ActiveCfg = Debug|Any CPU
		{C1596B39-DA73-4239-A597-DD8FDFD47C6E}.Debug|Any CPU.Build.0 = Debug|Any CPU
		{C1596B39-DA73-4239-A597-DD8FDFD47C6E}.Release|Any CPU.ActiveCfg = Release|Any CPU
		{C1596B39-DA73-4239-A597-DD8FDFD47C6E}.Release|Any CPU.Build.0 = Release|Any CPU
		{F19ED076-A375-44A0-9F76-4C63E6A3CE3E}.Debug|Any CPU.ActiveCfg = Debug|Any CPU
		{F19ED076-A375-44A0-9F76-4C63E6A3CE3E}.Debug|Any CPU.Build.0 = Debug|Any CPU
		{F19ED076-A375-44A0-9F76-4C63E6A3CE3E}.Release|Any CPU.ActiveCfg = Release|Any CPU
		{F19ED076-A375-44A0-9F76-4C63E6A3CE3E}.Release|Any CPU.Build.0 = Release|Any CPU
		{18AE9F2F-7B84-43F2-863A-24F181B80DD1}.Debug|Any CPU.ActiveCfg = Debug|Any CPU
		{18AE9F2F-7B84-43F2-863A-24F181B80DD1}.Debug|Any CPU.Build.0 = Debug|Any CPU
		{18AE9F2F-7B84-43F2-863A-24F181B80DD1}.Release|Any CPU.ActiveCfg = Release|Any CPU
		{18AE9F2F-7B84-43F2-863A-24F181B80DD1}.Release|Any CPU.Build.0 = Release|Any CPU
		{6029F577-EAFF-4359-98E7-85F543E125CD}.Debug|Any CPU.ActiveCfg = Debug|Any CPU
		{6029F577-EAFF-4359-98E7-85F543E125CD}.Debug|Any CPU.Build.0 = Debug|Any CPU
		{6029F577-EAFF-4359-98E7-85F543E125CD}.Release|Any CPU.ActiveCfg = Release|Any CPU
		{6029F577-EAFF-4359-98E7-85F543E125CD}.Release|Any CPU.Build.0 = Release|Any CPU
		{2BD449FD-A243-4993-8972-8A2E25E86B23}.Debug|Any CPU.ActiveCfg = Debug|Any CPU
		{2BD449FD-A243-4993-8972-8A2E25E86B23}.Debug|Any CPU.Build.0 = Debug|Any CPU
		{2BD449FD-A243-4993-8972-8A2E25E86B23}.Release|Any CPU.ActiveCfg = Release|Any CPU
		{2BD449FD-A243-4993-8972-8A2E25E86B23}.Release|Any CPU.Build.0 = Release|Any CPU
		{8807F8FD-92D5-446E-BE11-17F16C8E9D44}.Debug|Any CPU.ActiveCfg = Debug|Any CPU
		{8807F8FD-92D5-446E-BE11-17F16C8E9D44}.Debug|Any CPU.Build.0 = Debug|Any CPU
		{8807F8FD-92D5-446E-BE11-17F16C8E9D44}.Release|Any CPU.ActiveCfg = Release|Any CPU
		{8807F8FD-92D5-446E-BE11-17F16C8E9D44}.Release|Any CPU.Build.0 = Release|Any CPU
		{381A1E5B-7A18-452F-8C52-62449D98B738}.Debug|Any CPU.ActiveCfg = Debug|Any CPU
		{381A1E5B-7A18-452F-8C52-62449D98B738}.Debug|Any CPU.Build.0 = Debug|Any CPU
		{381A1E5B-7A18-452F-8C52-62449D98B738}.Release|Any CPU.ActiveCfg = Release|Any CPU
		{381A1E5B-7A18-452F-8C52-62449D98B738}.Release|Any CPU.Build.0 = Release|Any CPU
		{4EF23EB5-DD44-4457-A3D0-DE1208EC4194}.Debug|Any CPU.ActiveCfg = Debug|Any CPU
		{4EF23EB5-DD44-4457-A3D0-DE1208EC4194}.Debug|Any CPU.Build.0 = Debug|Any CPU
		{4EF23EB5-DD44-4457-A3D0-DE1208EC4194}.Release|Any CPU.ActiveCfg = Release|Any CPU
		{4EF23EB5-DD44-4457-A3D0-DE1208EC4194}.Release|Any CPU.Build.0 = Release|Any CPU
		{A137D996-C90F-4C62-9A67-762FF06AB613}.Debug|Any CPU.ActiveCfg = Debug|Any CPU
		{A137D996-C90F-4C62-9A67-762FF06AB613}.Debug|Any CPU.Build.0 = Debug|Any CPU
		{A137D996-C90F-4C62-9A67-762FF06AB613}.Release|Any CPU.ActiveCfg = Release|Any CPU
		{A137D996-C90F-4C62-9A67-762FF06AB613}.Release|Any CPU.Build.0 = Release|Any CPU
		{DE718159-0A50-4A26-880B-9301E17334EA}.Debug|Any CPU.ActiveCfg = Debug|Any CPU
		{DE718159-0A50-4A26-880B-9301E17334EA}.Debug|Any CPU.Build.0 = Debug|Any CPU
		{DE718159-0A50-4A26-880B-9301E17334EA}.Release|Any CPU.ActiveCfg = Release|Any CPU
		{DE718159-0A50-4A26-880B-9301E17334EA}.Release|Any CPU.Build.0 = Release|Any CPU
		{4E2E92F0-AA30-4135-9FA2-945282961DA9}.Debug|Any CPU.ActiveCfg = Debug|Any CPU
		{4E2E92F0-AA30-4135-9FA2-945282961DA9}.Debug|Any CPU.Build.0 = Debug|Any CPU
		{4E2E92F0-AA30-4135-9FA2-945282961DA9}.Release|Any CPU.ActiveCfg = Release|Any CPU
		{4E2E92F0-AA30-4135-9FA2-945282961DA9}.Release|Any CPU.Build.0 = Release|Any CPU
		{36925DA0-EA91-4D08-A518-432F3D97681E}.Debug|Any CPU.ActiveCfg = Debug|Any CPU
		{36925DA0-EA91-4D08-A518-432F3D97681E}.Debug|Any CPU.Build.0 = Debug|Any CPU
		{36925DA0-EA91-4D08-A518-432F3D97681E}.Release|Any CPU.ActiveCfg = Release|Any CPU
		{36925DA0-EA91-4D08-A518-432F3D97681E}.Release|Any CPU.Build.0 = Release|Any CPU
		{8F992E09-FE50-4A30-8D12-88058AA64AC5}.Debug|Any CPU.ActiveCfg = Debug|Any CPU
		{8F992E09-FE50-4A30-8D12-88058AA64AC5}.Debug|Any CPU.Build.0 = Debug|Any CPU
		{8F992E09-FE50-4A30-8D12-88058AA64AC5}.Release|Any CPU.ActiveCfg = Release|Any CPU
		{8F992E09-FE50-4A30-8D12-88058AA64AC5}.Release|Any CPU.Build.0 = Release|Any CPU
		{5D60263E-2BD2-4285-96DA-84D7C4B81D3D}.Debug|Any CPU.ActiveCfg = Debug|Any CPU
		{5D60263E-2BD2-4285-96DA-84D7C4B81D3D}.Debug|Any CPU.Build.0 = Debug|Any CPU
		{5D60263E-2BD2-4285-96DA-84D7C4B81D3D}.Release|Any CPU.ActiveCfg = Release|Any CPU
		{5D60263E-2BD2-4285-96DA-84D7C4B81D3D}.Release|Any CPU.Build.0 = Release|Any CPU
		{6F790ABA-ADF0-46F3-8072-130C9E378B15}.Debug|Any CPU.ActiveCfg = Debug|Any CPU
		{6F790ABA-ADF0-46F3-8072-130C9E378B15}.Debug|Any CPU.Build.0 = Debug|Any CPU
		{6F790ABA-ADF0-46F3-8072-130C9E378B15}.Release|Any CPU.ActiveCfg = Release|Any CPU
		{6F790ABA-ADF0-46F3-8072-130C9E378B15}.Release|Any CPU.Build.0 = Release|Any CPU
		{4BB98E66-A61D-4ED8-8E70-D1693A8FB107}.Debug|Any CPU.ActiveCfg = Debug|Any CPU
		{4BB98E66-A61D-4ED8-8E70-D1693A8FB107}.Debug|Any CPU.Build.0 = Debug|Any CPU
		{4BB98E66-A61D-4ED8-8E70-D1693A8FB107}.Release|Any CPU.ActiveCfg = Release|Any CPU
		{4BB98E66-A61D-4ED8-8E70-D1693A8FB107}.Release|Any CPU.Build.0 = Release|Any CPU
		{5085E2D0-35B6-494F-B607-3463E50309C8}.Debug|Any CPU.ActiveCfg = Debug|Any CPU
		{5085E2D0-35B6-494F-B607-3463E50309C8}.Debug|Any CPU.Build.0 = Debug|Any CPU
		{5085E2D0-35B6-494F-B607-3463E50309C8}.Release|Any CPU.ActiveCfg = Release|Any CPU
		{5085E2D0-35B6-494F-B607-3463E50309C8}.Release|Any CPU.Build.0 = Release|Any CPU
		{270C9ADD-2115-460F-B4D7-1CE6443E9CC4}.Debug|Any CPU.ActiveCfg = Debug|Any CPU
		{270C9ADD-2115-460F-B4D7-1CE6443E9CC4}.Debug|Any CPU.Build.0 = Debug|Any CPU
		{270C9ADD-2115-460F-B4D7-1CE6443E9CC4}.Release|Any CPU.ActiveCfg = Release|Any CPU
		{270C9ADD-2115-460F-B4D7-1CE6443E9CC4}.Release|Any CPU.Build.0 = Release|Any CPU
	EndGlobalSection
	GlobalSection(SolutionProperties) = preSolution
		HideSolutionNode = FALSE
	EndGlobalSection
	GlobalSection(ExtensibilityGlobals) = postSolution
		SolutionGuid = {A7302267-52CA-4C89-A2B8-4A49BEEBC17F}
	EndGlobalSection
EndGlobal
