
Microsoft Visual Studio Solution File, Format Version 12.00
# Visual Studio Version 17
VisualStudioVersion = 17.7.34031.279
MinimumVisualStudioVersion = 10.0.40219.1
Project("{9A19103F-16F7-4668-BE54-9A1E7A4F7556}") = "Construtor", "Construtor\Construtor.csproj", "{49E38009-F0E9-4925-97D2-77D02860FF61}"
EndProject
Project("{9A19103F-16F7-4668-BE54-9A1E7A4F7556}") = "DoisConstrutores", "DoisConstrutores\DoisConstrutores.csproj", "{0179F214-AD49-47C0-B0A7-E056947A9C53}"
EndProject
Project("{9A19103F-16F7-4668-BE54-9A1E7A4F7556}") = "InstanciaDosObjetos", "InstanciaDosObjetos\InstanciaDosObjetos.csproj", "{C94069A5-8664-4625-A8D2-783B616159E4}"
EndProject
Project("{9A19103F-16F7-4668-BE54-9A1E7A4F7556}") = "Metodos", "Metodos\Metodos.csproj", "{C1596B39-DA73-4239-A597-DD8FDFD47C6E}"
EndProject
Project("{9A19103F-16F7-4668-BE54-9A1E7A4F7556}") = "This", "This\This.csproj", "{F19ED076-A375-44A0-9F76-4C63E6A3CE3E}"
EndProject
Project("{9A19103F-16F7-4668-BE54-9A1E7A4F7556}") = "MetodoRetorno", "MetodoRetorno\MetodoRetorno.csproj", "{18AE9F2F-7B84-43F2-863A-24F181B80DD1}"
EndProject
Project("{9A19103F-16F7-4668-BE54-9A1E7A4F7556}") = "SobreCargaMetodos", "SobreCargaMetodos\SobreCargaMetodos.csproj", "{6029F577-EAFF-4359-98E7-85F543E125CD}"
EndProject
Project("{9A19103F-16F7-4668-BE54-9A1E7A4F7556}") = "MetodosRetorno2", "MetodosRetorno2\MetodosRetorno2.csproj", "{2BD449FD-A243-4993-8972-8A2E25E86B23}"
EndProject
Project("{9A19103F-16F7-4668-BE54-9A1E7A4F7556}") = "PassagemArgumento", "PassagemArgumento\PassagemArgumento.csproj", "{8807F8FD-92D5-446E-BE11-17F16C8E9D44}"
EndProject
Project("{9A19103F-16F7-4668-BE54-9A1E7A4F7556}") = "ArgumentosReferencia", "ArgumentosReferencia\ArgumentosReferencia.csproj", "{381A1E5B-7A18-452F-8C52-62449D98B738}"
EndProject
Project("{9A19103F-16F7-4668-BE54-9A1E7A4F7556}") = "ArgumentosNomeados", "ArgumentosNomeados\ArgumentosNomeados.csproj", "{4EF23EB5-DD44-4457-A3D0-DE1208EC4194}"
EndProject
Project("{9A19103F-16F7-4668-BE54-9A1E7A4F7556}") = "ParametrosOpcionais", "ParametrosOpcionais\ParametrosOpcionais.csproj", "{A137D996-C90F-4C62-9A67-762FF06AB613}"
EndProject
Project("{9A19103F-16F7-4668-BE54-9A1E7A4F7556}") = "MetodosEstaticos", "MetodosEstaticos\MetodosEstaticos.csproj", "{DE718159-0A50-4A26-880B-9301E17334EA}"
EndProject
Project("{9A19103F-16F7-4668-BE54-9A1E7A4F7556}") = "MembrosEstaticos_CampoPropriedade", "MembrosEstaticos_CampoPropriedade\MembrosEstaticos_CampoPropriedade.csproj", "{4E2E92F0-AA30-4135-9FA2-945282961DA9}"
EndProject
Project("{9A19103F-16F7-4668-BE54-9A1E7A4F7556}") = "ConstrutorEstatico", "ConstrutorEstatico\ConstrutorEstatico.csproj", "{36925DA0-EA91-4D08-A518-432F3D97681E}"
EndProject
Project("{9A19103F-16F7-4668-BE54-9A1E7A4F7556}") = "Propriedades", "Propriedades\Propriedades.csproj", "{8F992E09-FE50-4A30-8D12-88058AA64AC5}"
EndProject
Project("{9A19103F-16F7-4668-BE54-9A1E7A4F7556}") = "Struct", "Struct\Struct.csproj", "{5D60263E-2BD2-4285-96DA-84D7C4B81D3D}"
EndProject
Project("{9A19103F-16F7-4668-BE54-9A1E7A4F7556}") = "Enum", "Enum\Enum.csproj", "{6F790ABA-ADF0-46F3-8072-130C9E378B15}"
EndProject
Project("{9A19103F-16F7-4668-BE54-9A1E7A4F7556}") = "TryCath", "TryCath\TryCath.csproj", "{4BB98E66-A61D-4ED8-8E70-D1693A8FB107}"
EndProject
Project("{9A19103F-16F7-4668-BE54-9A1E7A4F7556}") = "TiposAnonimos", "TiposAnonimos\TiposAnonimos.csproj", "{5085E2D0-35B6-494F-B607-3463E50309C8}"
EndProject
Project("{9A19103F-16F7-4668-BE54-9A1E7A4F7556}") = "MinhaPartialClass", "MinhaPartialClassProps\MinhaPartialClass.csproj", "{270C9ADD-2115-460F-B4D7-1CE6443E9CC4}"
EndProject
Project("{2150E333-8FDC-42A3-9474-1A3956D46DE8}") = "ClassesMetodos", "ClassesMetodos", "{E5B174D7-C1CE-4B77-8715-0CAE4FC0D893}"
EndProject
Project("{2150E333-8FDC-42A3-9474-1A3956D46DE8}") = "ArraysLIst", "ArraysLIst", "{B0D5E56D-8CAE-4F16-91DE-98E74360101B}"
EndProject
Project("{9A19103F-16F7-4668-BE54-9A1E7A4F7556}") = "Array", "Array\Array.csproj", "{7C43FDA0-4E30-4EFB-B3F9-CDB1730E6A90}"
EndProject
Project("{9A19103F-16F7-4668-BE54-9A1E7A4F7556}") = "ArrayLacoFor", "ArrayLacoFor\ArrayLacoFor.csproj", "{D7578C6C-CCA3-41C7-92DB-6C6D2805D13A}"
EndProject
Project("{9A19103F-16F7-4668-BE54-9A1E7A4F7556}") = "Foreach", "Foreach\Foreach.csproj", "{F18B14D6-98BC-4D0F-BBB5-D2EFA6B5E98C}"
EndProject
Project("{9A19103F-16F7-4668-BE54-9A1E7A4F7556}") = "ClasseArray", "ClasseArray\ClasseArray.csproj", "{EBACAB11-D0B9-400E-A6D9-4D431EB00738}"
EndProject
Project("{9A19103F-16F7-4668-BE54-9A1E7A4F7556}") = "ModificadorParams", "ModificadorParams\ModificadorParams.csproj", "{B94FE3F3-04DA-4972-9083-D447DE350EA4}"
EndProject
Project("{9A19103F-16F7-4668-BE54-9A1E7A4F7556}") = "ArrayMultidimensional1", "ArrayMultidimensional1\ArrayMultidimensional1.csproj", "{1226E19A-9F09-402C-A64B-2A64AD9FD062}"
EndProject
Project("{9A19103F-16F7-4668-BE54-9A1E7A4F7556}") = "ArrayMultidimensionais2", "ArrayMultidimensionais2\ArrayMultidimensionais2.csproj", "{7DD334DE-F186-421F-9FEB-DFBDCFA534FE}"
EndProject
Project("{9A19103F-16F7-4668-BE54-9A1E7A4F7556}") = "ArrayList1", "ArrayList1\ArrayList1.csproj", "{E389E508-CDE9-4AA5-9C3E-FCDBB83C492C}"
EndProject
Project("{9A19103F-16F7-4668-BE54-9A1E7A4F7556}") = "ArrayList2", "ArrayList2\ArrayList2.csproj", "{E8BFAC2C-7E8F-4D21-930B-C350D7D33A74}"
EndProject
Project("{9A19103F-16F7-4668-BE54-9A1E7A4F7556}") = "ArrayList3", "ArrayList3\ArrayList3.csproj", "{86A9AF7F-E953-435B-8FEF-3EA316ED37DD}"
EndProject
Project("{9A19103F-16F7-4668-BE54-9A1E7A4F7556}") = "ArrayList4", "ArrayList4\ArrayList4.csproj", "{E1308E4C-5AA2-4261-8DB9-D1B469A5198A}"
EndProject
Project("{9A19103F-16F7-4668-BE54-9A1E7A4F7556}") = "ColectionList", "ColectionList\ColectionList.csproj", "{F40AFC48-CD2C-4B8A-B522-410094921E09}"
EndProject
Project("{2150E333-8FDC-42A3-9474-1A3956D46DE8}") = "POO", "POO", "{43133F0B-0237-480D-B2A5-EFD5EDD937C6}"
EndProject
Project("{9A19103F-16F7-4668-BE54-9A1E7A4F7556}") = "Heranca_ConceitoSintaxe", "Heranca_ConceitoSintaxe\Heranca_ConceitoSintaxe.csproj", "{1D506121-C23F-4AEC-9AE4-3E4CEA69738F}"
EndProject
Project("{9A19103F-16F7-4668-BE54-9A1E7A4F7556}") = "Heranca_ModAcesso", "Heranca_ModAcesso\Heranca_ModAcesso.csproj", "{3864516E-B630-42B8-8C7B-F3607EDE61EE}"
EndProject
Project("{9A19103F-16F7-4668-BE54-9A1E7A4F7556}") = "Heranca_Object", "Heranca_Object\Heranca_Object.csproj", "{090F03A1-C934-4824-A96A-820EDE03129D}"
EndProject
Project("{9A19103F-16F7-4668-BE54-9A1E7A4F7556}") = "Heranca_Modeificar_New", "Heranca_Modeificar_New\Heranca_Modeificar_New.csproj", "{BB1BD5A7-96A8-4BFD-86FB-90FA1A40AF51}"
EndProject
Project("{9A19103F-16F7-4668-BE54-9A1E7A4F7556}") = "Heranca_Virtual_Override", "Heranca_Virtual_Override\Heranca_Virtual_Override.csproj", "{13505878-896D-47C8-B503-378E7E44F5AA}"
EndProject
Project("{9A19103F-16F7-4668-BE54-9A1E7A4F7556}") = "Heranca_Modificador_Sealed", "Heranca_Modificador_Sealed\Heranca_Modificador_Sealed.csproj", "{8DB27122-CCD2-43BC-8374-220E5218DE12}"
EndProject
Project("{9A19103F-16F7-4668-BE54-9A1E7A4F7556}") = "Heranca_TipoHeranca", "Heranca_TipoHeranca\Heranca_TipoHeranca.csproj", "{35A86A18-F589-49E1-8E0F-2702B10AB5CD}"
EndProject
Project("{9A19103F-16F7-4668-BE54-9A1E7A4F7556}") = "DowncastingUpcasting", "DowncastingUpcasting\DowncastingUpcasting.csproj", "{A6045FAC-E0D6-4888-B8D4-C8A03E8D6A48}"
EndProject
Project("{9A19103F-16F7-4668-BE54-9A1E7A4F7556}") = "ModificadorAbstract", "ModificadorAbstract\ModificadorAbstract.csproj", "{CB500C2B-6B06-46C4-931E-CCE6944EE0CE}"
EndProject
Project("{9A19103F-16F7-4668-BE54-9A1E7A4F7556}") = "Interfaces", "Interfaces\Interfaces.csproj", "{26DE8378-B401-47CF-91D4-6F2D9EEECE3F}"
EndProject
Project("{9A19103F-16F7-4668-BE54-9A1E7A4F7556}") = "Composição", "Composição\Composição.csproj", "{46A82C36-15E6-4ECE-99E7-B6561A142A18}"
EndProject
Project("{9A19103F-16F7-4668-BE54-9A1E7A4F7556}") = "Agregacao", "Agregacao\Agregacao.csproj", "{A1C29A61-4432-44A1-BE6A-A67339E3B199}"
EndProject
Project("{9A19103F-16F7-4668-BE54-9A1E7A4F7556}") = "Polimorfismo", "Polimorfismo\Polimorfismo.csproj", "{DB3AEEFD-66BF-4E87-BD59-B7DE5435E411}"
EndProject
Project("{9A19103F-16F7-4668-BE54-9A1E7A4F7556}") = "Generics", "Generics\Generics.csproj", "{8405F0EC-A890-4C00-B601-B2BB1433D778}"
EndProject
Project("{FAE04EC0-301F-11D3-BF4B-00C04F79EFBC}") = "GetHashCodeAndEquals", "GetHashCodeAndEquals\GetHashCodeAndEquals.csproj", "{9D216993-4166-4920-AE06-4016AA58AE11}"
EndProject
Project("{FAE04EC0-301F-11D3-BF4B-00C04F79EFBC}") = "ColecoesNaoGenericasAndGenericas", "ColecoesNaoGenericasAndGenericas\ColecoesNaoGenericasAndGenericas.csproj", "{4795853A-65C1-4938-A37D-819CE473ECB2}"
EndProject
Project("{FAE04EC0-301F-11D3-BF4B-00C04F79EFBC}") = "ColecaoDictionary", "ColecaoDictionary\ColecaoDictionary.csproj", "{1BD71E16-95F4-4106-9A27-4840F11E2E84}"
EndProject
Project("{2150E333-8FDC-42A3-9474-1A3956D46DE8}") = "Generics", "Generics", "{2EA5C6FE-1B89-492F-B9BD-5E6849B945ED}"
EndProject
Project("{FAE04EC0-301F-11D3-BF4B-00C04F79EFBC}") = "Dictionary", "Dictionary\Dictionary.csproj", "{FD874947-3241-4684-A714-67E3E1385B5B}"
EndProject
Project("{FAE04EC0-301F-11D3-BF4B-00C04F79EFBC}") = "SortedDictionary", "SortedDictionary\SortedDictionary.csproj", "{A65CA97A-77EC-4C5F-B965-31834CF73B7A}"
EndProject
Project("{FAE04EC0-301F-11D3-BF4B-00C04F79EFBC}") = "ColecoesSet", "ColecoesSet\ColecoesSet.csproj", "{38142A5D-E181-4F0B-AE44-25AA0F0C003A}"
EndProject
Global
	GlobalSection(SolutionConfigurationPlatforms) = preSolution
		Debug|Any CPU = Debug|Any CPU
		Release|Any CPU = Release|Any CPU
	EndGlobalSection
	GlobalSection(ProjectConfigurationPlatforms) = postSolution
		{49E38009-F0E9-4925-97D2-77D02860FF61}.Debug|Any CPU.ActiveCfg = Debug|Any CPU
		{49E38009-F0E9-4925-97D2-77D02860FF61}.Debug|Any CPU.Build.0 = Debug|Any CPU
		{49E38009-F0E9-4925-97D2-77D02860FF61}.Release|Any CPU.ActiveCfg = Release|Any CPU
		{49E38009-F0E9-4925-97D2-77D02860FF61}.Release|Any CPU.Build.0 = Release|Any CPU
		{0179F214-AD49-47C0-B0A7-E056947A9C53}.Debug|Any CPU.ActiveCfg = Debug|Any CPU
		{0179F214-AD49-47C0-B0A7-E056947A9C53}.Debug|Any CPU.Build.0 = Debug|Any CPU
		{0179F214-AD49-47C0-B0A7-E056947A9C53}.Release|Any CPU.ActiveCfg = Release|Any CPU
		{0179F214-AD49-47C0-B0A7-E056947A9C53}.Release|Any CPU.Build.0 = Release|Any CPU
		{C94069A5-8664-4625-A8D2-783B616159E4}.Debug|Any CPU.ActiveCfg = Debug|Any CPU
		{C94069A5-8664-4625-A8D2-783B616159E4}.Debug|Any CPU.Build.0 = Debug|Any CPU
		{C94069A5-8664-4625-A8D2-783B616159E4}.Release|Any CPU.ActiveCfg = Release|Any CPU
		{C94069A5-8664-4625-A8D2-783B616159E4}.Release|Any CPU.Build.0 = Release|Any CPU
		{C1596B39-DA73-4239-A597-DD8FDFD47C6E}.Debug|Any CPU.ActiveCfg = Debug|Any CPU
		{C1596B39-DA73-4239-A597-DD8FDFD47C6E}.Debug|Any CPU.Build.0 = Debug|Any CPU
		{C1596B39-DA73-4239-A597-DD8FDFD47C6E}.Release|Any CPU.ActiveCfg = Release|Any CPU
		{C1596B39-DA73-4239-A597-DD8FDFD47C6E}.Release|Any CPU.Build.0 = Release|Any CPU
		{F19ED076-A375-44A0-9F76-4C63E6A3CE3E}.Debug|Any CPU.ActiveCfg = Debug|Any CPU
		{F19ED076-A375-44A0-9F76-4C63E6A3CE3E}.Debug|Any CPU.Build.0 = Debug|Any CPU
		{F19ED076-A375-44A0-9F76-4C63E6A3CE3E}.Release|Any CPU.ActiveCfg = Release|Any CPU
		{F19ED076-A375-44A0-9F76-4C63E6A3CE3E}.Release|Any CPU.Build.0 = Release|Any CPU
		{18AE9F2F-7B84-43F2-863A-24F181B80DD1}.Debug|Any CPU.ActiveCfg = Debug|Any CPU
		{18AE9F2F-7B84-43F2-863A-24F181B80DD1}.Debug|Any CPU.Build.0 = Debug|Any CPU
		{18AE9F2F-7B84-43F2-863A-24F181B80DD1}.Release|Any CPU.ActiveCfg = Release|Any CPU
		{18AE9F2F-7B84-43F2-863A-24F181B80DD1}.Release|Any CPU.Build.0 = Release|Any CPU
		{6029F577-EAFF-4359-98E7-85F543E125CD}.Debug|Any CPU.ActiveCfg = Debug|Any CPU
		{6029F577-EAFF-4359-98E7-85F543E125CD}.Debug|Any CPU.Build.0 = Debug|Any CPU
		{6029F577-EAFF-4359-98E7-85F543E125CD}.Release|Any CPU.ActiveCfg = Release|Any CPU
		{6029F577-EAFF-4359-98E7-85F543E125CD}.Release|Any CPU.Build.0 = Release|Any CPU
		{2BD449FD-A243-4993-8972-8A2E25E86B23}.Debug|Any CPU.ActiveCfg = Debug|Any CPU
		{2BD449FD-A243-4993-8972-8A2E25E86B23}.Debug|Any CPU.Build.0 = Debug|Any CPU
		{2BD449FD-A243-4993-8972-8A2E25E86B23}.Release|Any CPU.ActiveCfg = Release|Any CPU
		{2BD449FD-A243-4993-8972-8A2E25E86B23}.Release|Any CPU.Build.0 = Release|Any CPU
		{8807F8FD-92D5-446E-BE11-17F16C8E9D44}.Debug|Any CPU.ActiveCfg = Debug|Any CPU
		{8807F8FD-92D5-446E-BE11-17F16C8E9D44}.Debug|Any CPU.Build.0 = Debug|Any CPU
		{8807F8FD-92D5-446E-BE11-17F16C8E9D44}.Release|Any CPU.ActiveCfg = Release|Any CPU
		{8807F8FD-92D5-446E-BE11-17F16C8E9D44}.Release|Any CPU.Build.0 = Release|Any CPU
		{381A1E5B-7A18-452F-8C52-62449D98B738}.Debug|Any CPU.ActiveCfg = Debug|Any CPU
		{381A1E5B-7A18-452F-8C52-62449D98B738}.Debug|Any CPU.Build.0 = Debug|Any CPU
		{381A1E5B-7A18-452F-8C52-62449D98B738}.Release|Any CPU.ActiveCfg = Release|Any CPU
		{381A1E5B-7A18-452F-8C52-62449D98B738}.Release|Any CPU.Build.0 = Release|Any CPU
		{4EF23EB5-DD44-4457-A3D0-DE1208EC4194}.Debug|Any CPU.ActiveCfg = Debug|Any CPU
		{4EF23EB5-DD44-4457-A3D0-DE1208EC4194}.Debug|Any CPU.Build.0 = Debug|Any CPU
		{4EF23EB5-DD44-4457-A3D0-DE1208EC4194}.Release|Any CPU.ActiveCfg = Release|Any CPU
		{4EF23EB5-DD44-4457-A3D0-DE1208EC4194}.Release|Any CPU.Build.0 = Release|Any CPU
		{A137D996-C90F-4C62-9A67-762FF06AB613}.Debug|Any CPU.ActiveCfg = Debug|Any CPU
		{A137D996-C90F-4C62-9A67-762FF06AB613}.Debug|Any CPU.Build.0 = Debug|Any CPU
		{A137D996-C90F-4C62-9A67-762FF06AB613}.Release|Any CPU.ActiveCfg = Release|Any CPU
		{A137D996-C90F-4C62-9A67-762FF06AB613}.Release|Any CPU.Build.0 = Release|Any CPU
		{DE718159-0A50-4A26-880B-9301E17334EA}.Debug|Any CPU.ActiveCfg = Debug|Any CPU
		{DE718159-0A50-4A26-880B-9301E17334EA}.Debug|Any CPU.Build.0 = Debug|Any CPU
		{DE718159-0A50-4A26-880B-9301E17334EA}.Release|Any CPU.ActiveCfg = Release|Any CPU
		{DE718159-0A50-4A26-880B-9301E17334EA}.Release|Any CPU.Build.0 = Release|Any CPU
		{4E2E92F0-AA30-4135-9FA2-945282961DA9}.Debug|Any CPU.ActiveCfg = Debug|Any CPU
		{4E2E92F0-AA30-4135-9FA2-945282961DA9}.Debug|Any CPU.Build.0 = Debug|Any CPU
		{4E2E92F0-AA30-4135-9FA2-945282961DA9}.Release|Any CPU.ActiveCfg = Release|Any CPU
		{4E2E92F0-AA30-4135-9FA2-945282961DA9}.Release|Any CPU.Build.0 = Release|Any CPU
		{36925DA0-EA91-4D08-A518-432F3D97681E}.Debug|Any CPU.ActiveCfg = Debug|Any CPU
		{36925DA0-EA91-4D08-A518-432F3D97681E}.Debug|Any CPU.Build.0 = Debug|Any CPU
		{36925DA0-EA91-4D08-A518-432F3D97681E}.Release|Any CPU.ActiveCfg = Release|Any CPU
		{36925DA0-EA91-4D08-A518-432F3D97681E}.Release|Any CPU.Build.0 = Release|Any CPU
		{8F992E09-FE50-4A30-8D12-88058AA64AC5}.Debug|Any CPU.ActiveCfg = Debug|Any CPU
		{8F992E09-FE50-4A30-8D12-88058AA64AC5}.Debug|Any CPU.Build.0 = Debug|Any CPU
		{8F992E09-FE50-4A30-8D12-88058AA64AC5}.Release|Any CPU.ActiveCfg = Release|Any CPU
		{8F992E09-FE50-4A30-8D12-88058AA64AC5}.Release|Any CPU.Build.0 = Release|Any CPU
		{5D60263E-2BD2-4285-96DA-84D7C4B81D3D}.Debug|Any CPU.ActiveCfg = Debug|Any CPU
		{5D60263E-2BD2-4285-96DA-84D7C4B81D3D}.Debug|Any CPU.Build.0 = Debug|Any CPU
		{5D60263E-2BD2-4285-96DA-84D7C4B81D3D}.Release|Any CPU.ActiveCfg = Release|Any CPU
		{5D60263E-2BD2-4285-96DA-84D7C4B81D3D}.Release|Any CPU.Build.0 = Release|Any CPU
		{6F790ABA-ADF0-46F3-8072-130C9E378B15}.Debug|Any CPU.ActiveCfg = Debug|Any CPU
		{6F790ABA-ADF0-46F3-8072-130C9E378B15}.Debug|Any CPU.Build.0 = Debug|Any CPU
		{6F790ABA-ADF0-46F3-8072-130C9E378B15}.Release|Any CPU.ActiveCfg = Release|Any CPU
		{6F790ABA-ADF0-46F3-8072-130C9E378B15}.Release|Any CPU.Build.0 = Release|Any CPU
		{4BB98E66-A61D-4ED8-8E70-D1693A8FB107}.Debug|Any CPU.ActiveCfg = Debug|Any CPU
		{4BB98E66-A61D-4ED8-8E70-D1693A8FB107}.Debug|Any CPU.Build.0 = Debug|Any CPU
		{4BB98E66-A61D-4ED8-8E70-D1693A8FB107}.Release|Any CPU.ActiveCfg = Release|Any CPU
		{4BB98E66-A61D-4ED8-8E70-D1693A8FB107}.Release|Any CPU.Build.0 = Release|Any CPU
		{5085E2D0-35B6-494F-B607-3463E50309C8}.Debug|Any CPU.ActiveCfg = Debug|Any CPU
		{5085E2D0-35B6-494F-B607-3463E50309C8}.Debug|Any CPU.Build.0 = Debug|Any CPU
		{5085E2D0-35B6-494F-B607-3463E50309C8}.Release|Any CPU.ActiveCfg = Release|Any CPU
		{5085E2D0-35B6-494F-B607-3463E50309C8}.Release|Any CPU.Build.0 = Release|Any CPU
		{270C9ADD-2115-460F-B4D7-1CE6443E9CC4}.Debug|Any CPU.ActiveCfg = Debug|Any CPU
		{270C9ADD-2115-460F-B4D7-1CE6443E9CC4}.Debug|Any CPU.Build.0 = Debug|Any CPU
		{270C9ADD-2115-460F-B4D7-1CE6443E9CC4}.Release|Any CPU.ActiveCfg = Release|Any CPU
		{270C9ADD-2115-460F-B4D7-1CE6443E9CC4}.Release|Any CPU.Build.0 = Release|Any CPU
		{7C43FDA0-4E30-4EFB-B3F9-CDB1730E6A90}.Debug|Any CPU.ActiveCfg = Debug|Any CPU
		{7C43FDA0-4E30-4EFB-B3F9-CDB1730E6A90}.Debug|Any CPU.Build.0 = Debug|Any CPU
		{7C43FDA0-4E30-4EFB-B3F9-CDB1730E6A90}.Release|Any CPU.ActiveCfg = Release|Any CPU
		{7C43FDA0-4E30-4EFB-B3F9-CDB1730E6A90}.Release|Any CPU.Build.0 = Release|Any CPU
		{D7578C6C-CCA3-41C7-92DB-6C6D2805D13A}.Debug|Any CPU.ActiveCfg = Debug|Any CPU
		{D7578C6C-CCA3-41C7-92DB-6C6D2805D13A}.Debug|Any CPU.Build.0 = Debug|Any CPU
		{D7578C6C-CCA3-41C7-92DB-6C6D2805D13A}.Release|Any CPU.ActiveCfg = Release|Any CPU
		{D7578C6C-CCA3-41C7-92DB-6C6D2805D13A}.Release|Any CPU.Build.0 = Release|Any CPU
		{F18B14D6-98BC-4D0F-BBB5-D2EFA6B5E98C}.Debug|Any CPU.ActiveCfg = Debug|Any CPU
		{F18B14D6-98BC-4D0F-BBB5-D2EFA6B5E98C}.Debug|Any CPU.Build.0 = Debug|Any CPU
		{F18B14D6-98BC-4D0F-BBB5-D2EFA6B5E98C}.Release|Any CPU.ActiveCfg = Release|Any CPU
		{F18B14D6-98BC-4D0F-BBB5-D2EFA6B5E98C}.Release|Any CPU.Build.0 = Release|Any CPU
		{EBACAB11-D0B9-400E-A6D9-4D431EB00738}.Debug|Any CPU.ActiveCfg = Debug|Any CPU
		{EBACAB11-D0B9-400E-A6D9-4D431EB00738}.Debug|Any CPU.Build.0 = Debug|Any CPU
		{EBACAB11-D0B9-400E-A6D9-4D431EB00738}.Release|Any CPU.ActiveCfg = Release|Any CPU
		{EBACAB11-D0B9-400E-A6D9-4D431EB00738}.Release|Any CPU.Build.0 = Release|Any CPU
		{B94FE3F3-04DA-4972-9083-D447DE350EA4}.Debug|Any CPU.ActiveCfg = Debug|Any CPU
		{B94FE3F3-04DA-4972-9083-D447DE350EA4}.Debug|Any CPU.Build.0 = Debug|Any CPU
		{B94FE3F3-04DA-4972-9083-D447DE350EA4}.Release|Any CPU.ActiveCfg = Release|Any CPU
		{B94FE3F3-04DA-4972-9083-D447DE350EA4}.Release|Any CPU.Build.0 = Release|Any CPU
		{1226E19A-9F09-402C-A64B-2A64AD9FD062}.Debug|Any CPU.ActiveCfg = Debug|Any CPU
		{1226E19A-9F09-402C-A64B-2A64AD9FD062}.Debug|Any CPU.Build.0 = Debug|Any CPU
		{1226E19A-9F09-402C-A64B-2A64AD9FD062}.Release|Any CPU.ActiveCfg = Release|Any CPU
		{1226E19A-9F09-402C-A64B-2A64AD9FD062}.Release|Any CPU.Build.0 = Release|Any CPU
		{7DD334DE-F186-421F-9FEB-DFBDCFA534FE}.Debug|Any CPU.ActiveCfg = Debug|Any CPU
		{7DD334DE-F186-421F-9FEB-DFBDCFA534FE}.Debug|Any CPU.Build.0 = Debug|Any CPU
		{7DD334DE-F186-421F-9FEB-DFBDCFA534FE}.Release|Any CPU.ActiveCfg = Release|Any CPU
		{7DD334DE-F186-421F-9FEB-DFBDCFA534FE}.Release|Any CPU.Build.0 = Release|Any CPU
		{E389E508-CDE9-4AA5-9C3E-FCDBB83C492C}.Debug|Any CPU.ActiveCfg = Debug|Any CPU
		{E389E508-CDE9-4AA5-9C3E-FCDBB83C492C}.Debug|Any CPU.Build.0 = Debug|Any CPU
		{E389E508-CDE9-4AA5-9C3E-FCDBB83C492C}.Release|Any CPU.ActiveCfg = Release|Any CPU
		{E389E508-CDE9-4AA5-9C3E-FCDBB83C492C}.Release|Any CPU.Build.0 = Release|Any CPU
		{E8BFAC2C-7E8F-4D21-930B-C350D7D33A74}.Debug|Any CPU.ActiveCfg = Debug|Any CPU
		{E8BFAC2C-7E8F-4D21-930B-C350D7D33A74}.Debug|Any CPU.Build.0 = Debug|Any CPU
		{E8BFAC2C-7E8F-4D21-930B-C350D7D33A74}.Release|Any CPU.ActiveCfg = Release|Any CPU
		{E8BFAC2C-7E8F-4D21-930B-C350D7D33A74}.Release|Any CPU.Build.0 = Release|Any CPU
		{86A9AF7F-E953-435B-8FEF-3EA316ED37DD}.Debug|Any CPU.ActiveCfg = Debug|Any CPU
		{86A9AF7F-E953-435B-8FEF-3EA316ED37DD}.Debug|Any CPU.Build.0 = Debug|Any CPU
		{86A9AF7F-E953-435B-8FEF-3EA316ED37DD}.Release|Any CPU.ActiveCfg = Release|Any CPU
		{86A9AF7F-E953-435B-8FEF-3EA316ED37DD}.Release|Any CPU.Build.0 = Release|Any CPU
		{E1308E4C-5AA2-4261-8DB9-D1B469A5198A}.Debug|Any CPU.ActiveCfg = Debug|Any CPU
		{E1308E4C-5AA2-4261-8DB9-D1B469A5198A}.Debug|Any CPU.Build.0 = Debug|Any CPU
		{E1308E4C-5AA2-4261-8DB9-D1B469A5198A}.Release|Any CPU.ActiveCfg = Release|Any CPU
		{E1308E4C-5AA2-4261-8DB9-D1B469A5198A}.Release|Any CPU.Build.0 = Release|Any CPU
		{F40AFC48-CD2C-4B8A-B522-410094921E09}.Debug|Any CPU.ActiveCfg = Debug|Any CPU
		{F40AFC48-CD2C-4B8A-B522-410094921E09}.Debug|Any CPU.Build.0 = Debug|Any CPU
		{F40AFC48-CD2C-4B8A-B522-410094921E09}.Release|Any CPU.ActiveCfg = Release|Any CPU
		{F40AFC48-CD2C-4B8A-B522-410094921E09}.Release|Any CPU.Build.0 = Release|Any CPU
		{1D506121-C23F-4AEC-9AE4-3E4CEA69738F}.Debug|Any CPU.ActiveCfg = Debug|Any CPU
		{1D506121-C23F-4AEC-9AE4-3E4CEA69738F}.Debug|Any CPU.Build.0 = Debug|Any CPU
		{1D506121-C23F-4AEC-9AE4-3E4CEA69738F}.Release|Any CPU.ActiveCfg = Release|Any CPU
		{1D506121-C23F-4AEC-9AE4-3E4CEA69738F}.Release|Any CPU.Build.0 = Release|Any CPU
		{3864516E-B630-42B8-8C7B-F3607EDE61EE}.Debug|Any CPU.ActiveCfg = Debug|Any CPU
		{3864516E-B630-42B8-8C7B-F3607EDE61EE}.Debug|Any CPU.Build.0 = Debug|Any CPU
		{3864516E-B630-42B8-8C7B-F3607EDE61EE}.Release|Any CPU.ActiveCfg = Release|Any CPU
		{3864516E-B630-42B8-8C7B-F3607EDE61EE}.Release|Any CPU.Build.0 = Release|Any CPU
		{090F03A1-C934-4824-A96A-820EDE03129D}.Debug|Any CPU.ActiveCfg = Debug|Any CPU
		{090F03A1-C934-4824-A96A-820EDE03129D}.Debug|Any CPU.Build.0 = Debug|Any CPU
		{090F03A1-C934-4824-A96A-820EDE03129D}.Release|Any CPU.ActiveCfg = Release|Any CPU
		{090F03A1-C934-4824-A96A-820EDE03129D}.Release|Any CPU.Build.0 = Release|Any CPU
		{BB1BD5A7-96A8-4BFD-86FB-90FA1A40AF51}.Debug|Any CPU.ActiveCfg = Debug|Any CPU
		{BB1BD5A7-96A8-4BFD-86FB-90FA1A40AF51}.Debug|Any CPU.Build.0 = Debug|Any CPU
		{BB1BD5A7-96A8-4BFD-86FB-90FA1A40AF51}.Release|Any CPU.ActiveCfg = Release|Any CPU
		{BB1BD5A7-96A8-4BFD-86FB-90FA1A40AF51}.Release|Any CPU.Build.0 = Release|Any CPU
		{13505878-896D-47C8-B503-378E7E44F5AA}.Debug|Any CPU.ActiveCfg = Debug|Any CPU
		{13505878-896D-47C8-B503-378E7E44F5AA}.Debug|Any CPU.Build.0 = Debug|Any CPU
		{13505878-896D-47C8-B503-378E7E44F5AA}.Release|Any CPU.ActiveCfg = Release|Any CPU
		{13505878-896D-47C8-B503-378E7E44F5AA}.Release|Any CPU.Build.0 = Release|Any CPU
		{8DB27122-CCD2-43BC-8374-220E5218DE12}.Debug|Any CPU.ActiveCfg = Debug|Any CPU
		{8DB27122-CCD2-43BC-8374-220E5218DE12}.Debug|Any CPU.Build.0 = Debug|Any CPU
		{8DB27122-CCD2-43BC-8374-220E5218DE12}.Release|Any CPU.ActiveCfg = Release|Any CPU
		{8DB27122-CCD2-43BC-8374-220E5218DE12}.Release|Any CPU.Build.0 = Release|Any CPU
		{35A86A18-F589-49E1-8E0F-2702B10AB5CD}.Debug|Any CPU.ActiveCfg = Debug|Any CPU
		{35A86A18-F589-49E1-8E0F-2702B10AB5CD}.Debug|Any CPU.Build.0 = Debug|Any CPU
		{35A86A18-F589-49E1-8E0F-2702B10AB5CD}.Release|Any CPU.ActiveCfg = Release|Any CPU
		{35A86A18-F589-49E1-8E0F-2702B10AB5CD}.Release|Any CPU.Build.0 = Release|Any CPU
		{A6045FAC-E0D6-4888-B8D4-C8A03E8D6A48}.Debug|Any CPU.ActiveCfg = Debug|Any CPU
		{A6045FAC-E0D6-4888-B8D4-C8A03E8D6A48}.Debug|Any CPU.Build.0 = Debug|Any CPU
		{A6045FAC-E0D6-4888-B8D4-C8A03E8D6A48}.Release|Any CPU.ActiveCfg = Release|Any CPU
		{A6045FAC-E0D6-4888-B8D4-C8A03E8D6A48}.Release|Any CPU.Build.0 = Release|Any CPU
		{CB500C2B-6B06-46C4-931E-CCE6944EE0CE}.Debug|Any CPU.ActiveCfg = Debug|Any CPU
		{CB500C2B-6B06-46C4-931E-CCE6944EE0CE}.Debug|Any CPU.Build.0 = Debug|Any CPU
		{CB500C2B-6B06-46C4-931E-CCE6944EE0CE}.Release|Any CPU.ActiveCfg = Release|Any CPU
		{CB500C2B-6B06-46C4-931E-CCE6944EE0CE}.Release|Any CPU.Build.0 = Release|Any CPU
		{26DE8378-B401-47CF-91D4-6F2D9EEECE3F}.Debug|Any CPU.ActiveCfg = Debug|Any CPU
		{26DE8378-B401-47CF-91D4-6F2D9EEECE3F}.Debug|Any CPU.Build.0 = Debug|Any CPU
		{26DE8378-B401-47CF-91D4-6F2D9EEECE3F}.Release|Any CPU.ActiveCfg = Release|Any CPU
		{26DE8378-B401-47CF-91D4-6F2D9EEECE3F}.Release|Any CPU.Build.0 = Release|Any CPU
		{46A82C36-15E6-4ECE-99E7-B6561A142A18}.Debug|Any CPU.ActiveCfg = Debug|Any CPU
		{46A82C36-15E6-4ECE-99E7-B6561A142A18}.Debug|Any CPU.Build.0 = Debug|Any CPU
		{46A82C36-15E6-4ECE-99E7-B6561A142A18}.Release|Any CPU.ActiveCfg = Release|Any CPU
		{46A82C36-15E6-4ECE-99E7-B6561A142A18}.Release|Any CPU.Build.0 = Release|Any CPU
		{A1C29A61-4432-44A1-BE6A-A67339E3B199}.Debug|Any CPU.ActiveCfg = Debug|Any CPU
		{A1C29A61-4432-44A1-BE6A-A67339E3B199}.Debug|Any CPU.Build.0 = Debug|Any CPU
		{A1C29A61-4432-44A1-BE6A-A67339E3B199}.Release|Any CPU.ActiveCfg = Release|Any CPU
		{A1C29A61-4432-44A1-BE6A-A67339E3B199}.Release|Any CPU.Build.0 = Release|Any CPU
		{DB3AEEFD-66BF-4E87-BD59-B7DE5435E411}.Debug|Any CPU.ActiveCfg = Debug|Any CPU
		{DB3AEEFD-66BF-4E87-BD59-B7DE5435E411}.Debug|Any CPU.Build.0 = Debug|Any CPU
		{DB3AEEFD-66BF-4E87-BD59-B7DE5435E411}.Release|Any CPU.ActiveCfg = Release|Any CPU
		{DB3AEEFD-66BF-4E87-BD59-B7DE5435E411}.Release|Any CPU.Build.0 = Release|Any CPU
		{8405F0EC-A890-4C00-B601-B2BB1433D778}.Debug|Any CPU.ActiveCfg = Debug|Any CPU
		{8405F0EC-A890-4C00-B601-B2BB1433D778}.Debug|Any CPU.Build.0 = Debug|Any CPU
		{8405F0EC-A890-4C00-B601-B2BB1433D778}.Release|Any CPU.ActiveCfg = Release|Any CPU
		{8405F0EC-A890-4C00-B601-B2BB1433D778}.Release|Any CPU.Build.0 = Release|Any CPU
		{9D216993-4166-4920-AE06-4016AA58AE11}.Debug|Any CPU.ActiveCfg = Debug|Any CPU
		{9D216993-4166-4920-AE06-4016AA58AE11}.Debug|Any CPU.Build.0 = Debug|Any CPU
		{9D216993-4166-4920-AE06-4016AA58AE11}.Release|Any CPU.ActiveCfg = Release|Any CPU
		{9D216993-4166-4920-AE06-4016AA58AE11}.Release|Any CPU.Build.0 = Release|Any CPU
		{4795853A-65C1-4938-A37D-819CE473ECB2}.Debug|Any CPU.ActiveCfg = Debug|Any CPU
		{4795853A-65C1-4938-A37D-819CE473ECB2}.Debug|Any CPU.Build.0 = Debug|Any CPU
		{4795853A-65C1-4938-A37D-819CE473ECB2}.Release|Any CPU.ActiveCfg = Release|Any CPU
		{4795853A-65C1-4938-A37D-819CE473ECB2}.Release|Any CPU.Build.0 = Release|Any CPU
		{1BD71E16-95F4-4106-9A27-4840F11E2E84}.Debug|Any CPU.ActiveCfg = Debug|Any CPU
		{1BD71E16-95F4-4106-9A27-4840F11E2E84}.Debug|Any CPU.Build.0 = Debug|Any CPU
		{1BD71E16-95F4-4106-9A27-4840F11E2E84}.Release|Any CPU.ActiveCfg = Release|Any CPU
		{1BD71E16-95F4-4106-9A27-4840F11E2E84}.Release|Any CPU.Build.0 = Release|Any CPU
		{FD874947-3241-4684-A714-67E3E1385B5B}.Debug|Any CPU.ActiveCfg = Debug|Any CPU
		{FD874947-3241-4684-A714-67E3E1385B5B}.Debug|Any CPU.Build.0 = Debug|Any CPU
		{FD874947-3241-4684-A714-67E3E1385B5B}.Release|Any CPU.ActiveCfg = Release|Any CPU
		{FD874947-3241-4684-A714-67E3E1385B5B}.Release|Any CPU.Build.0 = Release|Any CPU
		{A65CA97A-77EC-4C5F-B965-31834CF73B7A}.Debug|Any CPU.ActiveCfg = Debug|Any CPU
		{A65CA97A-77EC-4C5F-B965-31834CF73B7A}.Debug|Any CPU.Build.0 = Debug|Any CPU
		{A65CA97A-77EC-4C5F-B965-31834CF73B7A}.Release|Any CPU.ActiveCfg = Release|Any CPU
		{A65CA97A-77EC-4C5F-B965-31834CF73B7A}.Release|Any CPU.Build.0 = Release|Any CPU
		{38142A5D-E181-4F0B-AE44-25AA0F0C003A}.Debug|Any CPU.ActiveCfg = Debug|Any CPU
		{38142A5D-E181-4F0B-AE44-25AA0F0C003A}.Debug|Any CPU.Build.0 = Debug|Any CPU
		{38142A5D-E181-4F0B-AE44-25AA0F0C003A}.Release|Any CPU.ActiveCfg = Release|Any CPU
		{38142A5D-E181-4F0B-AE44-25AA0F0C003A}.Release|Any CPU.Build.0 = Release|Any CPU
	EndGlobalSection
	GlobalSection(SolutionProperties) = preSolution
		HideSolutionNode = FALSE
	EndGlobalSection
	GlobalSection(NestedProjects) = preSolution
		{49E38009-F0E9-4925-97D2-77D02860FF61} = {E5B174D7-C1CE-4B77-8715-0CAE4FC0D893}
		{0179F214-AD49-47C0-B0A7-E056947A9C53} = {E5B174D7-C1CE-4B77-8715-0CAE4FC0D893}
		{C94069A5-8664-4625-A8D2-783B616159E4} = {E5B174D7-C1CE-4B77-8715-0CAE4FC0D893}
		{C1596B39-DA73-4239-A597-DD8FDFD47C6E} = {E5B174D7-C1CE-4B77-8715-0CAE4FC0D893}
		{F19ED076-A375-44A0-9F76-4C63E6A3CE3E} = {E5B174D7-C1CE-4B77-8715-0CAE4FC0D893}
		{18AE9F2F-7B84-43F2-863A-24F181B80DD1} = {E5B174D7-C1CE-4B77-8715-0CAE4FC0D893}
		{6029F577-EAFF-4359-98E7-85F543E125CD} = {E5B174D7-C1CE-4B77-8715-0CAE4FC0D893}
		{2BD449FD-A243-4993-8972-8A2E25E86B23} = {E5B174D7-C1CE-4B77-8715-0CAE4FC0D893}
		{8807F8FD-92D5-446E-BE11-17F16C8E9D44} = {E5B174D7-C1CE-4B77-8715-0CAE4FC0D893}
		{381A1E5B-7A18-452F-8C52-62449D98B738} = {E5B174D7-C1CE-4B77-8715-0CAE4FC0D893}
		{4EF23EB5-DD44-4457-A3D0-DE1208EC4194} = {E5B174D7-C1CE-4B77-8715-0CAE4FC0D893}
		{A137D996-C90F-4C62-9A67-762FF06AB613} = {E5B174D7-C1CE-4B77-8715-0CAE4FC0D893}
		{DE718159-0A50-4A26-880B-9301E17334EA} = {E5B174D7-C1CE-4B77-8715-0CAE4FC0D893}
		{4E2E92F0-AA30-4135-9FA2-945282961DA9} = {E5B174D7-C1CE-4B77-8715-0CAE4FC0D893}
		{36925DA0-EA91-4D08-A518-432F3D97681E} = {E5B174D7-C1CE-4B77-8715-0CAE4FC0D893}
		{8F992E09-FE50-4A30-8D12-88058AA64AC5} = {E5B174D7-C1CE-4B77-8715-0CAE4FC0D893}
		{5D60263E-2BD2-4285-96DA-84D7C4B81D3D} = {E5B174D7-C1CE-4B77-8715-0CAE4FC0D893}
		{6F790ABA-ADF0-46F3-8072-130C9E378B15} = {E5B174D7-C1CE-4B77-8715-0CAE4FC0D893}
		{4BB98E66-A61D-4ED8-8E70-D1693A8FB107} = {E5B174D7-C1CE-4B77-8715-0CAE4FC0D893}
		{5085E2D0-35B6-494F-B607-3463E50309C8} = {E5B174D7-C1CE-4B77-8715-0CAE4FC0D893}
		{270C9ADD-2115-460F-B4D7-1CE6443E9CC4} = {E5B174D7-C1CE-4B77-8715-0CAE4FC0D893}
		{7C43FDA0-4E30-4EFB-B3F9-CDB1730E6A90} = {B0D5E56D-8CAE-4F16-91DE-98E74360101B}
		{D7578C6C-CCA3-41C7-92DB-6C6D2805D13A} = {B0D5E56D-8CAE-4F16-91DE-98E74360101B}
		{F18B14D6-98BC-4D0F-BBB5-D2EFA6B5E98C} = {B0D5E56D-8CAE-4F16-91DE-98E74360101B}
		{EBACAB11-D0B9-400E-A6D9-4D431EB00738} = {B0D5E56D-8CAE-4F16-91DE-98E74360101B}
		{B94FE3F3-04DA-4972-9083-D447DE350EA4} = {B0D5E56D-8CAE-4F16-91DE-98E74360101B}
		{1226E19A-9F09-402C-A64B-2A64AD9FD062} = {B0D5E56D-8CAE-4F16-91DE-98E74360101B}
		{7DD334DE-F186-421F-9FEB-DFBDCFA534FE} = {B0D5E56D-8CAE-4F16-91DE-98E74360101B}
		{E389E508-CDE9-4AA5-9C3E-FCDBB83C492C} = {B0D5E56D-8CAE-4F16-91DE-98E74360101B}
		{E8BFAC2C-7E8F-4D21-930B-C350D7D33A74} = {B0D5E56D-8CAE-4F16-91DE-98E74360101B}
		{86A9AF7F-E953-435B-8FEF-3EA316ED37DD} = {B0D5E56D-8CAE-4F16-91DE-98E74360101B}
		{E1308E4C-5AA2-4261-8DB9-D1B469A5198A} = {B0D5E56D-8CAE-4F16-91DE-98E74360101B}
		{F40AFC48-CD2C-4B8A-B522-410094921E09} = {B0D5E56D-8CAE-4F16-91DE-98E74360101B}
		{1D506121-C23F-4AEC-9AE4-3E4CEA69738F} = {43133F0B-0237-480D-B2A5-EFD5EDD937C6}
		{3864516E-B630-42B8-8C7B-F3607EDE61EE} = {43133F0B-0237-480D-B2A5-EFD5EDD937C6}
		{090F03A1-C934-4824-A96A-820EDE03129D} = {43133F0B-0237-480D-B2A5-EFD5EDD937C6}
		{BB1BD5A7-96A8-4BFD-86FB-90FA1A40AF51} = {43133F0B-0237-480D-B2A5-EFD5EDD937C6}
		{13505878-896D-47C8-B503-378E7E44F5AA} = {43133F0B-0237-480D-B2A5-EFD5EDD937C6}
		{8DB27122-CCD2-43BC-8374-220E5218DE12} = {43133F0B-0237-480D-B2A5-EFD5EDD937C6}
		{35A86A18-F589-49E1-8E0F-2702B10AB5CD} = {43133F0B-0237-480D-B2A5-EFD5EDD937C6}
		{A6045FAC-E0D6-4888-B8D4-C8A03E8D6A48} = {43133F0B-0237-480D-B2A5-EFD5EDD937C6}
		{CB500C2B-6B06-46C4-931E-CCE6944EE0CE} = {43133F0B-0237-480D-B2A5-EFD5EDD937C6}
		{26DE8378-B401-47CF-91D4-6F2D9EEECE3F} = {43133F0B-0237-480D-B2A5-EFD5EDD937C6}
		{46A82C36-15E6-4ECE-99E7-B6561A142A18} = {43133F0B-0237-480D-B2A5-EFD5EDD937C6}
		{A1C29A61-4432-44A1-BE6A-A67339E3B199} = {43133F0B-0237-480D-B2A5-EFD5EDD937C6}
		{DB3AEEFD-66BF-4E87-BD59-B7DE5435E411} = {43133F0B-0237-480D-B2A5-EFD5EDD937C6}
		{8405F0EC-A890-4C00-B601-B2BB1433D778} = {2EA5C6FE-1B89-492F-B9BD-5E6849B945ED}
		{9D216993-4166-4920-AE06-4016AA58AE11} = {2EA5C6FE-1B89-492F-B9BD-5E6849B945ED}
		{4795853A-65C1-4938-A37D-819CE473ECB2} = {2EA5C6FE-1B89-492F-B9BD-5E6849B945ED}
		{1BD71E16-95F4-4106-9A27-4840F11E2E84} = {43133F0B-0237-480D-B2A5-EFD5EDD937C6}
		{FD874947-3241-4684-A714-67E3E1385B5B} = {2EA5C6FE-1B89-492F-B9BD-5E6849B945ED}
		{A65CA97A-77EC-4C5F-B965-31834CF73B7A} = {2EA5C6FE-1B89-492F-B9BD-5E6849B945ED}
		{38142A5D-E181-4F0B-AE44-25AA0F0C003A} = {2EA5C6FE-1B89-492F-B9BD-5E6849B945ED}
	EndGlobalSection
	GlobalSection(ExtensibilityGlobals) = postSolution
		SolutionGuid = {A7302267-52CA-4C89-A2B8-4A49BEEBC17F}
	EndGlobalSection
EndGlobal
